
Microsoft Visual Studio Solution File, Format Version 12.00
# Visual Studio Version 16
VisualStudioVersion = 16.0.30225.117
MinimumVisualStudioVersion = 10.0.40219.1
Project("{FAE04EC0-301F-11D3-BF4B-00C04F79EFBC}") = "ProyectoWEBCOVID", "ProyectoWEBCOVID\ProyectoWEBCOVID.csproj", "{0939E98F-DD04-448C-848B-8F5C5DB7866D}"
EndProject
Project("{FAE04EC0-301F-11D3-BF4B-00C04F79EFBC}") = "DACOVIDWEB", "DACOVIDWEB\DACOVIDWEB\DACOVIDWEB.csproj", "{479972F3-EF59-47B4-9DCF-83729B4032D4}"
EndProject
Project("{FAE04EC0-301F-11D3-BF4B-00C04F79EFBC}") = "BLCOVIDWEB", "BLUser\BLCOVIDWEB.csproj", "{33F315A1-FA3F-41EE-9462-33D9875C1577}"
EndProject
Global
	GlobalSection(SolutionConfigurationPlatforms) = preSolution
		Debug|Any CPU = Debug|Any CPU
		Release|Any CPU = Release|Any CPU
	EndGlobalSection
	GlobalSection(ProjectConfigurationPlatforms) = postSolution
		{0939E98F-DD04-448C-848B-8F5C5DB7866D}.Debug|Any CPU.ActiveCfg = Debug|Any CPU
		{0939E98F-DD04-448C-848B-8F5C5DB7866D}.Debug|Any CPU.Build.0 = Debug|Any CPU
		{0939E98F-DD04-448C-848B-8F5C5DB7866D}.Release|Any CPU.ActiveCfg = Release|Any CPU
		{0939E98F-DD04-448C-848B-8F5C5DB7866D}.Release|Any CPU.Build.0 = Release|Any CPU
		{479972F3-EF59-47B4-9DCF-83729B4032D4}.Debug|Any CPU.ActiveCfg = Debug|Any CPU
		{479972F3-EF59-47B4-9DCF-83729B4032D4}.Debug|Any CPU.Build.0 = Debug|Any CPU
		{479972F3-EF59-47B4-9DCF-83729B4032D4}.Release|Any CPU.ActiveCfg = Release|Any CPU
		{479972F3-EF59-47B4-9DCF-83729B4032D4}.Release|Any CPU.Build.0 = Release|Any CPU
		{33F315A1-FA3F-41EE-9462-33D9875C1577}.Debug|Any CPU.ActiveCfg = Debug|Any CPU
		{33F315A1-FA3F-41EE-9462-33D9875C1577}.Debug|Any CPU.Build.0 = Debug|Any CPU
		{33F315A1-FA3F-41EE-9462-33D9875C1577}.Release|Any CPU.ActiveCfg = Release|Any CPU
		{33F315A1-FA3F-41EE-9462-33D9875C1577}.Release|Any CPU.Build.0 = Release|Any CPU
	EndGlobalSection
	GlobalSection(SolutionProperties) = preSolution
		HideSolutionNode = FALSE
	EndGlobalSection
	GlobalSection(ExtensibilityGlobals) = postSolution
		SolutionGuid = {0922BB9D-CF0E-44FC-A34D-32037C3EAF4F}
	EndGlobalSection
EndGlobal
